
Microsoft Visual Studio Solution File, Format Version 12.00
# Visual Studio 15
Project("{FAE04EC0-301F-11D3-BF4B-00C04F79EFBC}") = "practicaUnity", "practicaUnity.csproj", "{B6925C9D-061D-9363-C9D2-F94EEED33C14}"
EndProject
Project("{FAE04EC0-301F-11D3-BF4B-00C04F79EFBC}") = "practicaUnity.Editor", "practicaUnity.Editor.csproj", "{62843507-123B-B6E3-FB4E-7CB2CCF6F861}"
EndProject
Global
	GlobalSection(SolutionConfigurationPlatforms) = preSolution
		Debug|Any CPU = Debug|Any CPU
		Release|Any CPU = Release|Any CPU
	EndGlobalSection
	GlobalSection(ProjectConfigurationPlatforms) = postSolution
		{B6925C9D-061D-9363-C9D2-F94EEED33C14}.Debug|Any CPU.ActiveCfg = Debug|Any CPU
		{B6925C9D-061D-9363-C9D2-F94EEED33C14}.Debug|Any CPU.Build.0 = Debug|Any CPU
		{B6925C9D-061D-9363-C9D2-F94EEED33C14}.Release|Any CPU.ActiveCfg = Release|Any CPU
		{B6925C9D-061D-9363-C9D2-F94EEED33C14}.Release|Any CPU.Build.0 = Release|Any CPU
		{62843507-123B-B6E3-FB4E-7CB2CCF6F861}.Debug|Any CPU.ActiveCfg = Debug|Any CPU
		{62843507-123B-B6E3-FB4E-7CB2CCF6F861}.Debug|Any CPU.Build.0 = Debug|Any CPU
		{62843507-123B-B6E3-FB4E-7CB2CCF6F861}.Release|Any CPU.ActiveCfg = Release|Any CPU
		{62843507-123B-B6E3-FB4E-7CB2CCF6F861}.Release|Any CPU.Build.0 = Release|Any CPU
	EndGlobalSection
	GlobalSection(SolutionProperties) = preSolution
		HideSolutionNode = FALSE
	EndGlobalSection
EndGlobal
